
Microsoft Visual Studio Solution File, Format Version 12.00
# Visual Studio Version 17
VisualStudioVersion = 17.1.32421.90
MinimumVisualStudioVersion = 10.0.40219.1
Project("{FAE04EC0-301F-11D3-BF4B-00C04F79EFBC}") = "Piskvorky_IT2A", "Piskvorky_IT2A\Piskvorky_IT2A.csproj", "{426FA24E-F37C-43B3-8212-C6D6B8900EC6}"
EndProject
Global
	GlobalSection(SolutionConfigurationPlatforms) = preSolution
		Debug|Any CPU = Debug|Any CPU
		Release|Any CPU = Release|Any CPU
	EndGlobalSection
	GlobalSection(ProjectConfigurationPlatforms) = postSolution
		{426FA24E-F37C-43B3-8212-C6D6B8900EC6}.Debug|Any CPU.ActiveCfg = Debug|Any CPU
		{426FA24E-F37C-43B3-8212-C6D6B8900EC6}.Debug|Any CPU.Build.0 = Debug|Any CPU
		{426FA24E-F37C-43B3-8212-C6D6B8900EC6}.Release|Any CPU.ActiveCfg = Release|Any CPU
		{426FA24E-F37C-43B3-8212-C6D6B8900EC6}.Release|Any CPU.Build.0 = Release|Any CPU
	EndGlobalSection
	GlobalSection(SolutionProperties) = preSolution
		HideSolutionNode = FALSE
	EndGlobalSection
	GlobalSection(ExtensibilityGlobals) = postSolution
		SolutionGuid = {3DF0EF93-B064-43BB-A96F-D88754282FA8}
	EndGlobalSection
EndGlobal
